
Microsoft Visual Studio Solution File, Format Version 12.00
# Visual Studio Version 17
VisualStudioVersion = 17.9.34728.123
MinimumVisualStudioVersion = 10.0.40219.1
Project("{FAE04EC0-301F-11D3-BF4B-00C04F79EFBC}") = "MiPlata", "MiPlata.csproj", "{D27B36BA-78A8-4651-ACCD-6B9EF546EAE7}"
EndProject
Global
	GlobalSection(SolutionConfigurationPlatforms) = preSolution
		Debug|Any CPU = Debug|Any CPU
		Release|Any CPU = Release|Any CPU
	EndGlobalSection
	GlobalSection(ProjectConfigurationPlatforms) = postSolution
		{D27B36BA-78A8-4651-ACCD-6B9EF546EAE7}.Debug|Any CPU.ActiveCfg = Debug|Any CPU
		{D27B36BA-78A8-4651-ACCD-6B9EF546EAE7}.Debug|Any CPU.Build.0 = Debug|Any CPU
		{D27B36BA-78A8-4651-ACCD-6B9EF546EAE7}.Release|Any CPU.ActiveCfg = Release|Any CPU
		{D27B36BA-78A8-4651-ACCD-6B9EF546EAE7}.Release|Any CPU.Build.0 = Release|Any CPU
	EndGlobalSection
	GlobalSection(SolutionProperties) = preSolution
		HideSolutionNode = FALSE
	EndGlobalSection
	GlobalSection(ExtensibilityGlobals) = postSolution
		SolutionGuid = {B7CB3491-8530-4939-910E-FA7EC46786F4}
	EndGlobalSection
EndGlobal
